# This file is autogenerated, do not edit; changes may be undone by the next 'dep ensure'.


[[projects]]
  digest = "1:b06d27db2f87588507f245345f329b4192809e72ab32385a26a6eb25988eb82e"
  name = "github.com/corpix/uarand"
  packages = ["."]
  pruneopts = "UT"
  revision = "031be390f409fb4bac8fb299e3bcd101479f89f8"

[[projects]]
  branch = "master"
  digest = "1:22725c01ecd8ed0c0f0078944305a57053340d92878b02db925c660cc4accf64"
  name = "github.com/icrowley/fake"
  packages = ["."]
  pruneopts = "UT"
  revision = "4178557ae428460c3780a381c824a1f3aceb6325"

[solve-meta]
  analyzer-name = "dep"
  analyzer-version = 1
  input-imports = ["github.com/icrowley/fake"]
  solver-name = "gps-cdcl"
  solver-version = 1
